// !$*UTF8*$!
{
	archiveVersion = 1;
	classes = {
	};
	objectVersion = 50;
	objects = {

/* Begin PBXBuildFile section */
		48BB0B8D2660E0CC00D45895 /* MoveToVC.swift in Sources */ = {isa = PBXBuildFile; fileRef = 48BB0B8C2660E0CC00D45895 /* MoveToVC.swift */; };
		BF2459BF265CD4C700D699BA /* AddNoteVC.swift in Sources */ = {isa = PBXBuildFile; fileRef = BF2459BB265CD4C600D699BA /* AddNoteVC.swift */; };
		BF2459C0265CD4C700D699BA /* NotesVC.swift in Sources */ = {isa = PBXBuildFile; fileRef = BF2459BC265CD4C600D699BA /* NotesVC.swift */; };
		BF2459C1265CD4C700D699BA /* CategoriesVC.swift in Sources */ = {isa = PBXBuildFile; fileRef = BF2459BD265CD4C600D699BA /* CategoriesVC.swift */; };
		BF409CC82660BD8100B2B8A9 /* AudioRecorderHeldper.swift in Sources */ = {isa = PBXBuildFile; fileRef = BF409CC72660BD8100B2B8A9 /* AudioRecorderHeldper.swift */; };
		BF40E0AB265ACB1500733BD1 /* Main.storyboard in Resources */ = {isa = PBXBuildFile; fileRef = BF40E0AA265ACB1500733BD1 /* Main.storyboard */; };
		BF4975BE265FCD40009CA85E /* NoteDetailViewController.swift in Sources */ = {isa = PBXBuildFile; fileRef = BF4975BD265FCD40009CA85E /* NoteDetailViewController.swift */; };
		BF55402F2654D6C9007F09BC /* AppDelegate.swift in Sources */ = {isa = PBXBuildFile; fileRef = BF55402E2654D6C9007F09BC /* AppDelegate.swift */; };
		BF5540312654D6C9007F09BC /* SceneDelegate.swift in Sources */ = {isa = PBXBuildFile; fileRef = BF5540302654D6C9007F09BC /* SceneDelegate.swift */; };
		BF5540332654D6C9007F09BC /* ViewController.swift in Sources */ = {isa = PBXBuildFile; fileRef = BF5540322654D6C9007F09BC /* ViewController.swift */; };
		BF5540392654D6C9007F09BC /* note_dinamitetech_iOS.xcdatamodeld in Sources */ = {isa = PBXBuildFile; fileRef = BF5540372654D6C9007F09BC /* note_dinamitetech_iOS.xcdatamodeld */; };
		BF55403B2654D6CE007F09BC /* Assets.xcassets in Resources */ = {isa = PBXBuildFile; fileRef = BF55403A2654D6CE007F09BC /* Assets.xcassets */; };
		BF55403E2654D6CE007F09BC /* LaunchScreen.storyboard in Resources */ = {isa = PBXBuildFile; fileRef = BF55403C2654D6CE007F09BC /* LaunchScreen.storyboard */; };
/* End PBXBuildFile section */

/* Begin PBXFileReference section */
		48BB0B8C2660E0CC00D45895 /* MoveToVC.swift */ = {isa = PBXFileReference; lastKnownFileType = sourcecode.swift; path = MoveToVC.swift; sourceTree = "<group>"; };
		BF2459BB265CD4C600D699BA /* AddNoteVC.swift */ = {isa = PBXFileReference; fileEncoding = 4; lastKnownFileType = sourcecode.swift; path = AddNoteVC.swift; sourceTree = "<group>"; };
		BF2459BC265CD4C600D699BA /* NotesVC.swift */ = {isa = PBXFileReference; fileEncoding = 4; lastKnownFileType = sourcecode.swift; path = NotesVC.swift; sourceTree = "<group>"; };
		BF2459BD265CD4C600D699BA /* CategoriesVC.swift */ = {isa = PBXFileReference; fileEncoding = 4; lastKnownFileType = sourcecode.swift; path = CategoriesVC.swift; sourceTree = "<group>"; };
		BF409CC72660BD8100B2B8A9 /* AudioRecorderHeldper.swift */ = {isa = PBXFileReference; fileEncoding = 4; lastKnownFileType = sourcecode.swift; path = AudioRecorderHeldper.swift; sourceTree = "<group>"; };
		BF40E0AA265ACB1500733BD1 /* Main.storyboard */ = {isa = PBXFileReference; fileEncoding = 4; lastKnownFileType = file.storyboard; path = Main.storyboard; sourceTree = "<group>"; };
		BF4975BD265FCD40009CA85E /* NoteDetailViewController.swift */ = {isa = PBXFileReference; lastKnownFileType = sourcecode.swift; path = NoteDetailViewController.swift; sourceTree = "<group>"; };
		BF55402B2654D6C9007F09BC /* note_dinamitetech_iOS.app */ = {isa = PBXFileReference; explicitFileType = wrapper.application; includeInIndex = 0; path = note_dinamitetech_iOS.app; sourceTree = BUILT_PRODUCTS_DIR; };
		BF55402E2654D6C9007F09BC /* AppDelegate.swift */ = {isa = PBXFileReference; lastKnownFileType = sourcecode.swift; path = AppDelegate.swift; sourceTree = "<group>"; };
		BF5540302654D6C9007F09BC /* SceneDelegate.swift */ = {isa = PBXFileReference; lastKnownFileType = sourcecode.swift; path = SceneDelegate.swift; sourceTree = "<group>"; };
		BF5540322654D6C9007F09BC /* ViewController.swift */ = {isa = PBXFileReference; lastKnownFileType = sourcecode.swift; path = ViewController.swift; sourceTree = "<group>"; };
		BF5540382654D6C9007F09BC /* note_dinamitetech_iOS.xcdatamodel */ = {isa = PBXFileReference; lastKnownFileType = wrapper.xcdatamodel; path = note_dinamitetech_iOS.xcdatamodel; sourceTree = "<group>"; };
		BF55403A2654D6CE007F09BC /* Assets.xcassets */ = {isa = PBXFileReference; lastKnownFileType = folder.assetcatalog; path = Assets.xcassets; sourceTree = "<group>"; };
		BF55403D2654D6CE007F09BC /* Base */ = {isa = PBXFileReference; lastKnownFileType = file.storyboard; name = Base; path = Base.lproj/LaunchScreen.storyboard; sourceTree = "<group>"; };
		BF55403F2654D6CE007F09BC /* Info.plist */ = {isa = PBXFileReference; lastKnownFileType = text.plist.xml; path = Info.plist; sourceTree = "<group>"; };
/* End PBXFileReference section */

/* Begin PBXFrameworksBuildPhase section */
		BF5540282654D6C9007F09BC /* Frameworks */ = {
			isa = PBXFrameworksBuildPhase;
			buildActionMask = 2147483647;
			files = (
			);
			runOnlyForDeploymentPostprocessing = 0;
		};
/* End PBXFrameworksBuildPhase section */

/* Begin PBXGroup section */
		BF2459C2265CD4E500D699BA /* Controllers */ = {
			isa = PBXGroup;
			children = (
				BF2459BD265CD4C600D699BA /* CategoriesVC.swift */,
				BF2459BC265CD4C600D699BA /* NotesVC.swift */,
				BF2459BB265CD4C600D699BA /* AddNoteVC.swift */,
				BF4975BD265FCD40009CA85E /* NoteDetailViewController.swift */,
				48BB0B8C2660E0CC00D45895 /* MoveToVC.swift */,
			);
			path = Controllers;
			sourceTree = "<group>";
		};
		BF5540222654D6C9007F09BC = {
			isa = PBXGroup;
			children = (
				BF55402D2654D6C9007F09BC /* note_dinamitetech_iOS */,
				BF55402C2654D6C9007F09BC /* Products */,
			);
			sourceTree = "<group>";
		};
		BF55402C2654D6C9007F09BC /* Products */ = {
			isa = PBXGroup;
			children = (
				BF55402B2654D6C9007F09BC /* note_dinamitetech_iOS.app */,
			);
			name = Products;
			sourceTree = "<group>";
		};
		BF55402D2654D6C9007F09BC /* note_dinamitetech_iOS */ = {
			isa = PBXGroup;
			children = (
				BF409CC72660BD8100B2B8A9 /* AudioRecorderHeldper.swift */,
				BF2459C2265CD4E500D699BA /* Controllers */,
				BF40E0AA265ACB1500733BD1 /* Main.storyboard */,
				BF55402E2654D6C9007F09BC /* AppDelegate.swift */,
				BF5540302654D6C9007F09BC /* SceneDelegate.swift */,
				BF5540322654D6C9007F09BC /* ViewController.swift */,
				BF55403A2654D6CE007F09BC /* Assets.xcassets */,
				BF55403C2654D6CE007F09BC /* LaunchScreen.storyboard */,
				BF55403F2654D6CE007F09BC /* Info.plist */,
				BF5540372654D6C9007F09BC /* note_dinamitetech_iOS.xcdatamodeld */,
			);
			path = note_dinamitetech_iOS;
			sourceTree = "<group>";
		};
/* End PBXGroup section */

/* Begin PBXNativeTarget section */
		BF55402A2654D6C9007F09BC /* note_dinamitetech_iOS */ = {
			isa = PBXNativeTarget;
			buildConfigurationList = BF5540422654D6CE007F09BC /* Build configuration list for PBXNativeTarget "note_dinamitetech_iOS" */;
			buildPhases = (
				BF5540272654D6C9007F09BC /* Sources */,
				BF5540282654D6C9007F09BC /* Frameworks */,
				BF5540292654D6C9007F09BC /* Resources */,
			);
			buildRules = (
			);
			dependencies = (
			);
			name = note_dinamitetech_iOS;
			productName = note_dinamitetech_iOS;
			productReference = BF55402B2654D6C9007F09BC /* note_dinamitetech_iOS.app */;
			productType = "com.apple.product-type.application";
		};
/* End PBXNativeTarget section */

/* Begin PBXProject section */
		BF5540232654D6C9007F09BC /* Project object */ = {
			isa = PBXProject;
			attributes = {
				LastSwiftUpdateCheck = 1250;
				LastUpgradeCheck = 1250;
				TargetAttributes = {
					BF55402A2654D6C9007F09BC = {
						CreatedOnToolsVersion = 12.5;
					};
				};
			};
			buildConfigurationList = BF5540262654D6C9007F09BC /* Build configuration list for PBXProject "note_dinamitetech_iOS" */;
			compatibilityVersion = "Xcode 9.3";
			developmentRegion = en;
			hasScannedForEncodings = 0;
			knownRegions = (
				en,
				Base,
			);
			mainGroup = BF5540222654D6C9007F09BC;
			productRefGroup = BF55402C2654D6C9007F09BC /* Products */;
			projectDirPath = "";
			projectRoot = "";
			targets = (
				BF55402A2654D6C9007F09BC /* note_dinamitetech_iOS */,
			);
		};
/* End PBXProject section */

/* Begin PBXResourcesBuildPhase section */
		BF5540292654D6C9007F09BC /* Resources */ = {
			isa = PBXResourcesBuildPhase;
			buildActionMask = 2147483647;
			files = (
				BF55403E2654D6CE007F09BC /* LaunchScreen.storyboard in Resources */,
				BF55403B2654D6CE007F09BC /* Assets.xcassets in Resources */,
				BF40E0AB265ACB1500733BD1 /* Main.storyboard in Resources */,
			);
			runOnlyForDeploymentPostprocessing = 0;
		};
/* End PBXResourcesBuildPhase section */

/* Begin PBXSourcesBuildPhase section */
		BF5540272654D6C9007F09BC /* Sources */ = {
			isa = PBXSourcesBuildPhase;
			buildActionMask = 2147483647;
			files = (
				48BB0B8D2660E0CC00D45895 /* MoveToVC.swift in Sources */,
				BF5540392654D6C9007F09BC /* note_dinamitetech_iOS.xcdatamodeld in Sources */,
				BF4975BE265FCD40009CA85E /* NoteDetailViewController.swift in Sources */,
				BF5540332654D6C9007F09BC /* ViewController.swift in Sources */,
				BF2459C1265CD4C700D699BA /* CategoriesVC.swift in Sources */,
				BF2459C0265CD4C700D699BA /* NotesVC.swift in Sources */,
				BF55402F2654D6C9007F09BC /* AppDelegate.swift in Sources */,
				BF409CC82660BD8100B2B8A9 /* AudioRecorderHeldper.swift in Sources */,
				BF2459BF265CD4C700D699BA /* AddNoteVC.swift in Sources */,
				BF5540312654D6C9007F09BC /* SceneDelegate.swift in Sources */,
			);
			runOnlyForDeploymentPostprocessing = 0;
		};
/* End PBXSourcesBuildPhase section */

/* Begin PBXVariantGroup section */
		BF55403C2654D6CE007F09BC /* LaunchScreen.storyboard */ = {
			isa = PBXVariantGroup;
			children = (
				BF55403D2654D6CE007F09BC /* Base */,
			);
			name = LaunchScreen.storyboard;
			sourceTree = "<group>";
		};
/* End PBXVariantGroup section */

/* Begin XCBuildConfiguration section */
		BF5540402654D6CE007F09BC /* Debug */ = {
			isa = XCBuildConfiguration;
			buildSettings = {
				ALWAYS_SEARCH_USER_PATHS = NO;
				CLANG_ANALYZER_NONNULL = YES;
				CLANG_ANALYZER_NUMBER_OBJECT_CONVERSION = YES_AGGRESSIVE;
				CLANG_CXX_LANGUAGE_STANDARD = "gnu++14";
				CLANG_CXX_LIBRARY = "libc++";
				CLANG_ENABLE_MODULES = YES;
				CLANG_ENABLE_OBJC_ARC = YES;
				CLANG_ENABLE_OBJC_WEAK = YES;
				CLANG_WARN_BLOCK_CAPTURE_AUTORELEASING = YES;
				CLANG_WARN_BOOL_CONVERSION = YES;
				CLANG_WARN_COMMA = YES;
				CLANG_WARN_CONSTANT_CONVERSION = YES;
				CLANG_WARN_DEPRECATED_OBJC_IMPLEMENTATIONS = YES;
				CLANG_WARN_DIRECT_OBJC_ISA_USAGE = YES_ERROR;
				CLANG_WARN_DOCUMENTATION_COMMENTS = YES;
				CLANG_WARN_EMPTY_BODY = YES;
				CLANG_WARN_ENUM_CONVERSION = YES;
				CLANG_WARN_INFINITE_RECURSION = YES;
				CLANG_WARN_INT_CONVERSION = YES;
				CLANG_WARN_NON_LITERAL_NULL_CONVERSION = YES;
				CLANG_WARN_OBJC_IMPLICIT_RETAIN_SELF = YES;
				CLANG_WARN_OBJC_LITERAL_CONVERSION = YES;
				CLANG_WARN_OBJC_ROOT_CLASS = YES_ERROR;
				CLANG_WARN_QUOTED_INCLUDE_IN_FRAMEWORK_HEADER = YES;
				CLANG_WARN_RANGE_LOOP_ANALYSIS = YES;
				CLANG_WARN_STRICT_PROTOTYPES = YES;
				CLANG_WARN_SUSPICIOUS_MOVE = YES;
				CLANG_WARN_UNGUARDED_AVAILABILITY = YES_AGGRESSIVE;
				CLANG_WARN_UNREACHABLE_CODE = YES;
				CLANG_WARN__DUPLICATE_METHOD_MATCH = YES;
				COPY_PHASE_STRIP = NO;
				DEBUG_INFORMATION_FORMAT = dwarf;
				ENABLE_STRICT_OBJC_MSGSEND = YES;
				ENABLE_TESTABILITY = YES;
				GCC_C_LANGUAGE_STANDARD = gnu11;
				GCC_DYNAMIC_NO_PIC = NO;
				GCC_NO_COMMON_BLOCKS = YES;
				GCC_OPTIMIZATION_LEVEL = 0;
				GCC_PREPROCESSOR_DEFINITIONS = (
					"DEBUG=1",
					"$(inherited)",
				);
				GCC_WARN_64_TO_32_BIT_CONVERSION = YES;
				GCC_WARN_ABOUT_RETURN_TYPE = YES_ERROR;
				GCC_WARN_UNDECLARED_SELECTOR = YES;
				GCC_WARN_UNINITIALIZED_AUTOS = YES_AGGRESSIVE;
				GCC_WARN_UNUSED_FUNCTION = YES;
				GCC_WARN_UNUSED_VARIABLE = YES;
				IPHONEOS_DEPLOYMENT_TARGET = 14.5;
				MTL_ENABLE_DEBUG_INFO = INCLUDE_SOURCE;
				MTL_FAST_MATH = YES;
				ONLY_ACTIVE_ARCH = YES;
				SDKROOT = iphoneos;
				SWIFT_ACTIVE_COMPILATION_CONDITIONS = DEBUG;
				SWIFT_OPTIMIZATION_LEVEL = "-Onone";
			};
			name = Debug;
		};
		BF5540412654D6CE007F09BC /* Release */ = {
			isa = XCBuildConfiguration;
			buildSettings = {
				ALWAYS_SEARCH_USER_PATHS = NO;
				CLANG_ANALYZER_NONNULL = YES;
				CLANG_ANALYZER_NUMBER_OBJECT_CONVERSION = YES_AGGRESSIVE;
				CLANG_CXX_LANGUAGE_STANDARD = "gnu++14";
				CLANG_CXX_LIBRARY = "libc++";
				CLANG_ENABLE_MODULES = YES;
				CLANG_ENABLE_OBJC_ARC = YES;
				CLANG_ENABLE_OBJC_WEAK = YES;
				CLANG_WARN_BLOCK_CAPTURE_AUTORELEASING = YES;
				CLANG_WARN_BOOL_CONVERSION = YES;
				CLANG_WARN_COMMA = YES;
				CLANG_WARN_CONSTANT_CONVERSION = YES;
				CLANG_WARN_DEPRECATED_OBJC_IMPLEMENTATIONS = YES;
				CLANG_WARN_DIRECT_OBJC_ISA_USAGE = YES_ERROR;
				CLANG_WARN_DOCUMENTATION_COMMENTS = YES;
				CLANG_WARN_EMPTY_BODY = YES;
				CLANG_WARN_ENUM_CONVERSION = YES;
				CLANG_WARN_INFINITE_RECURSION = YES;
				CLANG_WARN_INT_CONVERSION = YES;
				CLANG_WARN_NON_LITERAL_NULL_CONVERSION = YES;
				CLANG_WARN_OBJC_IMPLICIT_RETAIN_SELF = YES;
				CLANG_WARN_OBJC_LITERAL_CONVERSION = YES;
				CLANG_WARN_OBJC_ROOT_CLASS = YES_ERROR;
				CLANG_WARN_QUOTED_INCLUDE_IN_FRAMEWORK_HEADER = YES;
				CLANG_WARN_RANGE_LOOP_ANALYSIS = YES;
				CLANG_WARN_STRICT_PROTOTYPES = YES;
				CLANG_WARN_SUSPICIOUS_MOVE = YES;
				CLANG_WARN_UNGUARDED_AVAILABILITY = YES_AGGRESSIVE;
				CLANG_WARN_UNREACHABLE_CODE = YES;
				CLANG_WARN__DUPLICATE_METHOD_MATCH = YES;
				COPY_PHASE_STRIP = NO;
				DEBUG_INFORMATION_FORMAT = "dwarf-with-dsym";
				ENABLE_NS_ASSERTIONS = NO;
				ENABLE_STRICT_OBJC_MSGSEND = YES;
				GCC_C_LANGUAGE_STANDARD = gnu11;
				GCC_NO_COMMON_BLOCKS = YES;
				GCC_WARN_64_TO_32_BIT_CONVERSION = YES;
				GCC_WARN_ABOUT_RETURN_TYPE = YES_ERROR;
				GCC_WARN_UNDECLARED_SELECTOR = YES;
				GCC_WARN_UNINITIALIZED_AUTOS = YES_AGGRESSIVE;
				GCC_WARN_UNUSED_FUNCTION = YES;
				GCC_WARN_UNUSED_VARIABLE = YES;
				IPHONEOS_DEPLOYMENT_TARGET = 14.5;
				MTL_ENABLE_DEBUG_INFO = NO;
				MTL_FAST_MATH = YES;
				SDKROOT = iphoneos;
				SWIFT_COMPILATION_MODE = wholemodule;
				SWIFT_OPTIMIZATION_LEVEL = "-O";
				VALIDATE_PRODUCT = YES;
			};
			name = Release;
		};
		BF5540432654D6CE007F09BC /* Debug */ = {
			isa = XCBuildConfiguration;
			buildSettings = {
				ASSETCATALOG_COMPILER_APPICON_NAME = AppIcon;
				ASSETCATALOG_COMPILER_GLOBAL_ACCENT_COLOR_NAME = AccentColor;
				CODE_SIGN_STYLE = Automatic;
				INFOPLIST_FILE = note_dinamitetech_iOS/Info.plist;
				IPHONEOS_DEPLOYMENT_TARGET = 14.4;
				LD_RUNPATH_SEARCH_PATHS = (
					"$(inherited)",
					"@executable_path/Frameworks",
				);
				PRODUCT_BUNDLE_IDENTIFIER = "com.madt.note-dinamitetech-iOS";
				PRODUCT_NAME = "$(TARGET_NAME)";
				SWIFT_VERSION = 5.0;
				TARGETED_DEVICE_FAMILY = "1,2";
			};
			name = Debug;
		};
		BF5540442654D6CE007F09BC /* Release */ = {
			isa = XCBuildConfiguration;
			buildSettings = {
				ASSETCATALOG_COMPILER_APPICON_NAME = AppIcon;
				ASSETCATALOG_COMPILER_GLOBAL_ACCENT_COLOR_NAME = AccentColor;
				CODE_SIGN_STYLE = Automatic;
				INFOPLIST_FILE = note_dinamitetech_iOS/Info.plist;
				IPHONEOS_DEPLOYMENT_TARGET = 14.4;
				LD_RUNPATH_SEARCH_PATHS = (
					"$(inherited)",
					"@executable_path/Frameworks",
				);
				PRODUCT_BUNDLE_IDENTIFIER = "com.madt.note-dinamitetech-iOS";
				PRODUCT_NAME = "$(TARGET_NAME)";
				SWIFT_VERSION = 5.0;
				TARGETED_DEVICE_FAMILY = "1,2";
			};
			name = Release;
		};
/* End XCBuildConfiguration section */

/* Begin XCConfigurationList section */
		BF5540262654D6C9007F09BC /* Build configuration list for PBXProject "note_dinamitetech_iOS" */ = {
			isa = XCConfigurationList;
			buildConfigurations = (
				BF5540402654D6CE007F09BC /* Debug */,
				BF5540412654D6CE007F09BC /* Release */,
			);
			defaultConfigurationIsVisible = 0;
			defaultConfigurationName = Release;
		};
		BF5540422654D6CE007F09BC /* Build configuration list for PBXNativeTarget "note_dinamitetech_iOS" */ = {
			isa = XCConfigurationList;
			buildConfigurations = (
				BF5540432654D6CE007F09BC /* Debug */,
				BF5540442654D6CE007F09BC /* Release */,
			);
			defaultConfigurationIsVisible = 0;
			defaultConfigurationName = Release;
		};
/* End XCConfigurationList section */

/* Begin XCVersionGroup section */
		BF5540372654D6C9007F09BC /* note_dinamitetech_iOS.xcdatamodeld */ = {
			isa = XCVersionGroup;
			children = (
				BF5540382654D6C9007F09BC /* note_dinamitetech_iOS.xcdatamodel */,
			);
			currentVersion = BF5540382654D6C9007F09BC /* note_dinamitetech_iOS.xcdatamodel */;
			path = note_dinamitetech_iOS.xcdatamodeld;
			sourceTree = "<group>";
			versionGroupType = wrapper.xcdatamodel;
		};
/* End XCVersionGroup section */
	};
	rootObject = BF5540232654D6C9007F09BC /* Project object */;
}
